{
  "name": "gau-bot",
  "version": "1.0.0",
  "lockfileVersion": 3,
  "requires": true,
  "packages": {
    "": {
      "name": "gau-bot",
      "version": "1.0.0",
      "license": "ISC",
      "dependencies": {
        "@supabase/supabase-js": "^2.45.6",
        "dotenv": "^16.4.5",
        "masto": "^6.10.1"
      }
    },
    "node_modules/@supabase/auth-js": {
      "version": "2.65.1",
      "license": "MIT",
      "dependencies": {
        "@supabase/node-fetch": "^2.6.14"
      }
    },
    "node_modules/@supabase/functions-js": {
      "version": "2.4.3",
      "license": "MIT",
      "dependencies": {
        "@supabase/node-fetch": "^2.6.14"
      }
    },
    "node_modules/@supabase/node-fetch": {
      "version": "2.6.15",
      "license": "MIT",
      "dependencies": {
        "whatwg-url": "^5.0.0"
      },
      "engines": {
        "node": "4.x || >=6.0.0"
      }
    },
    "node_modules/@supabase/postgrest-js": {
      "version": "1.16.3",
      "license": "MIT",
      "dependencies": {
        "@supabase/node-fetch": "^2.6.14"
      }
    },
    "node_modules/@supabase/realtime-js": {
      "version": "2.10.7",
      "license": "MIT",
      "dependencies": {
        "@supabase/node-fetch": "^2.6.14",
        "@types/phoenix": "^1.5.4",
        "@types/ws": "^8.5.10",
        "ws": "^8.14.2"
      }
    },
    "node_modules/@supabase/storage-js": {
      "version": "2.7.1",
      "license": "MIT",
      "dependencies": {
        "@supabase/node-fetch": "^2.6.14"
      }
    },
    "node_modules/@supabase/supabase-js": {
      "version": "2.45.6",
      "license": "MIT",
      "dependencies": {
        "@supabase/auth-js": "2.65.1",
        "@supabase/functions-js": "2.4.3",
        "@supabase/node-fetch": "2.6.15",
        "@supabase/postgrest-js": "1.16.3",
        "@supabase/realtime-js": "2.10.7",
        "@supabase/storage-js": "2.7.1"
      }
    },
    "node_modules/@types/node": {
      "version": "22.8.1",
      "license": "MIT",
      "dependencies": {
        "undici-types": "~6.19.8"
      }
    },
    "node_modules/@types/phoenix": {
      "version": "1.6.5",
      "license": "MIT"
    },
    "node_modules/@types/ws": {
      "version": "8.5.12",
      "license": "MIT",
      "dependencies": {
        "@types/node": "*"
      }
    },
    "node_modules/camel-case": {
      "version": "4.1.2",
      "license": "MIT",
      "dependencies": {
        "pascal-case": "^3.1.2",
        "tslib": "^2.0.3"
      }
    },
    "node_modules/capital-case": {
      "version": "1.0.4",
      "license": "MIT",
      "dependencies": {
        "no-case": "^3.0.4",
        "tslib": "^2.0.3",
        "upper-case-first": "^2.0.2"
      }
    },
    "node_modules/change-case": {
      "version": "4.1.2",
      "license": "MIT",
      "dependencies": {
        "camel-case": "^4.1.2",
        "capital-case": "^1.0.4",
        "constant-case": "^3.0.4",
        "dot-case": "^3.0.4",
        "header-case": "^2.0.4",
        "no-case": "^3.0.4",
        "param-case": "^3.0.4",
        "pascal-case": "^3.1.2",
        "path-case": "^3.0.4",
        "sentence-case": "^3.0.4",
        "snake-case": "^3.0.4",
        "tslib": "^2.0.3"
      }
    },
    "node_modules/constant-case": {
      "version": "3.0.4",
      "license": "MIT",
      "dependencies": {
        "no-case": "^3.0.4",
        "tslib": "^2.0.3",
        "upper-case": "^2.0.2"
      }
    },
    "node_modules/dot-case": {
      "version": "3.0.4",
      "license": "MIT",
      "dependencies": {
        "no-case": "^3.0.4",
        "tslib": "^2.0.3"
      }
    },
    "node_modules/dotenv": {
      "version": "16.4.5",
      "license": "BSD-2-Clause",
      "engines": {
        "node": ">=12"
      },
      "funding": {
        "url": "https://dotenvx.com"
      }
    },
    "node_modules/events-to-async": {
      "version": "2.0.1",
      "license": "MIT"
    },
    "node_modules/header-case": {
      "version": "2.0.4",
      "license": "MIT",
      "dependencies": {
        "capital-case": "^1.0.4",
        "tslib": "^2.0.3"
      }
    },
    "node_modules/isomorphic-ws": {
      "version": "5.0.0",
      "license": "MIT",
      "peerDependencies": {
        "ws": "*"
      }
    },
    "node_modules/lower-case": {
      "version": "2.0.2",
      "license": "MIT",
      "dependencies": {
        "tslib": "^2.0.3"
      }
    },
    "node_modules/masto": {
      "version": "6.10.1",
      "license": "MIT",
      "dependencies": {
        "change-case": "^4.1.2",
        "events-to-async": "^2.0.1",
        "isomorphic-ws": "^5.0.0",
        "ts-custom-error": "^3.3.1",
        "ws": "^8.18.0"
      }
    },
    "node_modules/no-case": {
      "version": "3.0.4",
      "license": "MIT",
      "dependencies": {
        "lower-case": "^2.0.2",
        "tslib": "^2.0.3"
      }
    },
    "node_modules/param-case": {
      "version": "3.0.4",
      "license": "MIT",
      "dependencies": {
        "dot-case": "^3.0.4",
        "tslib": "^2.0.3"
      }
    },
    "node_modules/pascal-case": {
      "version": "3.1.2",
      "license": "MIT",
      "dependencies": {
        "no-case": "^3.0.4",
        "tslib": "^2.0.3"
      }
    },
    "node_modules/path-case": {
      "version": "3.0.4",
      "license": "MIT",
      "dependencies": {
        "dot-case": "^3.0.4",
        "tslib": "^2.0.3"
      }
    },
    "node_modules/sentence-case": {
      "version": "3.0.4",
      "license": "MIT",
      "dependencies": {
        "no-case": "^3.0.4",
        "tslib": "^2.0.3",
        "upper-case-first": "^2.0.2"
      }
    },
    "node_modules/snake-case": {
      "version": "3.0.4",
      "license": "MIT",
      "dependencies": {
        "dot-case": "^3.0.4",
        "tslib": "^2.0.3"
      }
    },
    "node_modules/tr46": {
      "version": "0.0.3",
      "license": "MIT"
    },
    "node_modules/ts-custom-error": {
      "version": "3.3.1",
      "license": "MIT",
      "engines": {
        "node": ">=14.0.0"
      }
    },
    "node_modules/tslib": {
      "version": "2.8.0",
      "license": "0BSD"
    },
    "node_modules/undici-types": {
      "version": "6.19.8",
      "license": "MIT"
    },
    "node_modules/upper-case": {
      "version": "2.0.2",
      "license": "MIT",
      "dependencies": {
        "tslib": "^2.0.3"
      }
    },
    "node_modules/upper-case-first": {
      "version": "2.0.2",
      "license": "MIT",
      "dependencies": {
        "tslib": "^2.0.3"
      }
    },
    "node_modules/webidl-conversions": {
      "version": "3.0.1",
      "license": "BSD-2-Clause"
    },
    "node_modules/whatwg-url": {
      "version": "5.0.0",
      "license": "MIT",
      "dependencies": {
        "tr46": "~0.0.3",
        "webidl-conversions": "^3.0.0"
      }
    },
    "node_modules/ws": {
      "version": "8.18.0",
      "license": "MIT",
      "engines": {
        "node": ">=10.0.0"
      },
      "peerDependencies": {
        "bufferutil": "^4.0.1",
        "utf-8-validate": ">=5.0.2"
      },
      "peerDependenciesMeta": {
        "bufferutil": {
          "optional": true
        },
        "utf-8-validate": {
          "optional": true
        }
      }
    }
  }
}
